
Microsoft Visual Studio Solution File, Format Version 12.00
# Visual Studio Version 16
VisualStudioVersion = 16.0.29123.88
MinimumVisualStudioVersion = 10.0.40219.1
Project("{9A19103F-16F7-4668-BE54-9A1E7A4F7556}") = "BplusTree", "BplusTree\BplusTree.csproj", "{9249560D-7765-4F98-BAFE-498F214FBFEA}"
EndProject
Project("{FAE04EC0-301F-11D3-BF4B-00C04F79EFBC}") = "BplusTreeAppTest", "BplusTreeAppTest\BplusTreeAppTest.csproj", "{383BF3D8-6C51-4CA1-B8BD-1FC7683DD5CF}"
	ProjectSection(ProjectDependencies) = postProject
		{9249560D-7765-4F98-BAFE-498F214FBFEA} = {9249560D-7765-4F98-BAFE-498F214FBFEA}
	EndProjectSection
EndProject
Project("{FAE04EC0-301F-11D3-BF4B-00C04F79EFBC}") = "BplusTreeTest", "BplusTreeTest\BplusTreeTest.csproj", "{12362A91-EC4A-4C14-9F08-370597EA1999}"
	ProjectSection(ProjectDependencies) = postProject
		{9249560D-7765-4F98-BAFE-498F214FBFEA} = {9249560D-7765-4F98-BAFE-498F214FBFEA}
	EndProjectSection
EndProject
Global
	GlobalSection(SolutionConfigurationPlatforms) = preSolution
		Debug|Any CPU = Debug|Any CPU
		Release|Any CPU = Release|Any CPU
	EndGlobalSection
	GlobalSection(ProjectConfigurationPlatforms) = postSolution
		{9249560D-7765-4F98-BAFE-498F214FBFEA}.Debug|Any CPU.ActiveCfg = Debug|Any CPU
		{9249560D-7765-4F98-BAFE-498F214FBFEA}.Debug|Any CPU.Build.0 = Debug|Any CPU
		{9249560D-7765-4F98-BAFE-498F214FBFEA}.Release|Any CPU.ActiveCfg = Release|Any CPU
		{9249560D-7765-4F98-BAFE-498F214FBFEA}.Release|Any CPU.Build.0 = Release|Any CPU
		{383BF3D8-6C51-4CA1-B8BD-1FC7683DD5CF}.Debug|Any CPU.ActiveCfg = Debug|Any CPU
		{383BF3D8-6C51-4CA1-B8BD-1FC7683DD5CF}.Debug|Any CPU.Build.0 = Debug|Any CPU
		{383BF3D8-6C51-4CA1-B8BD-1FC7683DD5CF}.Release|Any CPU.ActiveCfg = Release|Any CPU
		{383BF3D8-6C51-4CA1-B8BD-1FC7683DD5CF}.Release|Any CPU.Build.0 = Release|Any CPU
		{12362A91-EC4A-4C14-9F08-370597EA1999}.Debug|Any CPU.ActiveCfg = Debug|Any CPU
		{12362A91-EC4A-4C14-9F08-370597EA1999}.Debug|Any CPU.Build.0 = Debug|Any CPU
		{12362A91-EC4A-4C14-9F08-370597EA1999}.Release|Any CPU.ActiveCfg = Release|Any CPU
		{12362A91-EC4A-4C14-9F08-370597EA1999}.Release|Any CPU.Build.0 = Release|Any CPU
	EndGlobalSection
	GlobalSection(SolutionProperties) = preSolution
		HideSolutionNode = FALSE
	EndGlobalSection
	GlobalSection(ExtensibilityGlobals) = postSolution
		SolutionGuid = {9DA506D3-A5BD-4083-82A3-514830E6F4FC}
	EndGlobalSection
EndGlobal
